
Microsoft Visual Studio Solution File, Format Version 12.00
# Visual Studio 2013
VisualStudioVersion = 12.0.21005.1
MinimumVisualStudioVersion = 10.0.40219.1
Project("{FAE04EC0-301F-11D3-BF4B-00C04F79EFBC}") = "CommonTests", "CommonTests.csproj", "{13F499B2-F5E9-43FC-B141-8AFA9CE0D492}"
EndProject
Project("{2150E333-8FDC-42A3-9474-1A3956D46DE8}") = "ReferencedProjects", "ReferencedProjects", "{4AAC80A1-0477-4F79-8DA4-F26427DEA1CB}"
EndProject
Global
	GlobalSection(SolutionConfigurationPlatforms) = preSolution
		Debug|Any CPU = Debug|Any CPU
		Release|Any CPU = Release|Any CPU
	EndGlobalSection
	GlobalSection(ProjectConfigurationPlatforms) = postSolution
		{13F499B2-F5E9-43FC-B141-8AFA9CE0D492}.Debug|Any CPU.ActiveCfg = Debug|Any CPU
		{13F499B2-F5E9-43FC-B141-8AFA9CE0D492}.Debug|Any CPU.Build.0 = Debug|Any CPU
		{13F499B2-F5E9-43FC-B141-8AFA9CE0D492}.Release|Any CPU.ActiveCfg = Release|Any CPU
		{13F499B2-F5E9-43FC-B141-8AFA9CE0D492}.Release|Any CPU.Build.0 = Release|Any CPU
	EndGlobalSection
	GlobalSection(SolutionProperties) = preSolution
		HideSolutionNode = FALSE
	EndGlobalSection
EndGlobal
